
Microsoft Visual Studio Solution File, Format Version 12.00
# Visual Studio Version 17
VisualStudioVersion = 17.12.35309.182
MinimumVisualStudioVersion = 10.0.40219.1
Project("{FAE04EC0-301F-11D3-BF4B-00C04F79EFBC}") = "Hachathon", "Hachathon\Hachathon.csproj", "{B070946E-2891-4C05-8DE0-8C55D2F74998}"
EndProject
Global
	GlobalSection(SolutionConfigurationPlatforms) = preSolution
		Debug|Any CPU = Debug|Any CPU
		Release|Any CPU = Release|Any CPU
	EndGlobalSection
	GlobalSection(ProjectConfigurationPlatforms) = postSolution
		{B070946E-2891-4C05-8DE0-8C55D2F74998}.Debug|Any CPU.ActiveCfg = Debug|Any CPU
		{B070946E-2891-4C05-8DE0-8C55D2F74998}.Debug|Any CPU.Build.0 = Debug|Any CPU
		{B070946E-2891-4C05-8DE0-8C55D2F74998}.Release|Any CPU.ActiveCfg = Release|Any CPU
		{B070946E-2891-4C05-8DE0-8C55D2F74998}.Release|Any CPU.Build.0 = Release|Any CPU
	EndGlobalSection
	GlobalSection(SolutionProperties) = preSolution
		HideSolutionNode = FALSE
	EndGlobalSection
	GlobalSection(ExtensibilityGlobals) = postSolution
		SolutionGuid = {5CA1ABAF-3F98-4FAC-B902-83CB2E828713}
	EndGlobalSection
EndGlobal
